
Microsoft Visual Studio Solution File, Format Version 12.00
# Visual Studio Version 16
VisualStudioVersion = 16.0.28803.452
MinimumVisualStudioVersion = 10.0.40219.1
Project("{8BC9CEB8-8B4A-11D0-8D11-00A0C91BC942}") = "5.16", "5.16\5.16.vcxproj", "{40EB0AF2-73A2-4005-A309-06C4B1749ECA}"
EndProject
Global
	GlobalSection(SolutionConfigurationPlatforms) = preSolution
		Debug|x64 = Debug|x64
		Debug|x86 = Debug|x86
		Release|x64 = Release|x64
		Release|x86 = Release|x86
	EndGlobalSection
	GlobalSection(ProjectConfigurationPlatforms) = postSolution
		{40EB0AF2-73A2-4005-A309-06C4B1749ECA}.Debug|x64.ActiveCfg = Debug|x64
		{40EB0AF2-73A2-4005-A309-06C4B1749ECA}.Debug|x64.Build.0 = Debug|x64
		{40EB0AF2-73A2-4005-A309-06C4B1749ECA}.Debug|x86.ActiveCfg = Debug|Win32
		{40EB0AF2-73A2-4005-A309-06C4B1749ECA}.Debug|x86.Build.0 = Debug|Win32
		{40EB0AF2-73A2-4005-A309-06C4B1749ECA}.Release|x64.ActiveCfg = Release|x64
		{40EB0AF2-73A2-4005-A309-06C4B1749ECA}.Release|x64.Build.0 = Release|x64
		{40EB0AF2-73A2-4005-A309-06C4B1749ECA}.Release|x86.ActiveCfg = Release|Win32
		{40EB0AF2-73A2-4005-A309-06C4B1749ECA}.Release|x86.Build.0 = Release|Win32
	EndGlobalSection
	GlobalSection(SolutionProperties) = preSolution
		HideSolutionNode = FALSE
	EndGlobalSection
	GlobalSection(ExtensibilityGlobals) = postSolution
		SolutionGuid = {C21D55CF-E76F-47AA-9FE2-392EC08E4E0F}
	EndGlobalSection
EndGlobal
